
Microsoft Visual Studio Solution File, Format Version 12.00
# Visual Studio Version 17
VisualStudioVersion = 17.2.32616.157
MinimumVisualStudioVersion = 10.0.40219.1
Project("{FAE04EC0-301F-11D3-BF4B-00C04F79EFBC}") = "WebAdvert.Web", "WebAdvert.Web.csproj", "{B1733C1C-1A26-488A-89EE-FE820F5F5311}"
EndProject
Global
	GlobalSection(SolutionConfigurationPlatforms) = preSolution
		Debug|Any CPU = Debug|Any CPU
		Release|Any CPU = Release|Any CPU
	EndGlobalSection
	GlobalSection(ProjectConfigurationPlatforms) = postSolution
		{B1733C1C-1A26-488A-89EE-FE820F5F5311}.Debug|Any CPU.ActiveCfg = Debug|Any CPU
		{B1733C1C-1A26-488A-89EE-FE820F5F5311}.Debug|Any CPU.Build.0 = Debug|Any CPU
		{B1733C1C-1A26-488A-89EE-FE820F5F5311}.Release|Any CPU.ActiveCfg = Release|Any CPU
		{B1733C1C-1A26-488A-89EE-FE820F5F5311}.Release|Any CPU.Build.0 = Release|Any CPU
	EndGlobalSection
	GlobalSection(SolutionProperties) = preSolution
		HideSolutionNode = FALSE
	EndGlobalSection
	GlobalSection(ExtensibilityGlobals) = postSolution
		SolutionGuid = {AD3C49A2-7EE4-4BA2-B125-FDECFEA4615B}
	EndGlobalSection
EndGlobal
